
Microsoft Visual Studio Solution File, Format Version 12.00
# Visual Studio Version 17
VisualStudioVersion = 17.0.31903.59
MinimumVisualStudioVersion = 10.0.40219.1
Project("{9A19103F-16F7-4668-BE54-9A1E7A4F7556}") = "SeaBattle.API", "SeaBattle.API\SeaBattle.API.csproj", "{1D82927A-4E05-4BC1-828D-4A7C08D553A8}"
EndProject
Project("{2150E333-8FDC-42A3-9474-1A3956D46DE8}") = "src", "src", "{F7F57C4F-5882-40A4-B522-7912F22D199A}"
EndProject
Project("{2150E333-8FDC-42A3-9474-1A3956D46DE8}") = "Services", "Services", "{2351389C-FE45-416C-BB27-956372E9C742}"
EndProject
Project("{2150E333-8FDC-42A3-9474-1A3956D46DE8}") = "Identity", "Identity", "{1C051F85-6360-4703-9CD2-87CC8EA086A3}"
EndProject
Project("{9A19103F-16F7-4668-BE54-9A1E7A4F7556}") = "Identity.API", "src\Services\Identity\Identity.API\Identity.API.csproj", "{CA9588B4-602F-4D2D-8939-0B3978B549D5}"
EndProject
Project("{9A19103F-16F7-4668-BE54-9A1E7A4F7556}") = "Identity.BLL", "src\Services\Identity\Identity.BLL\Identity.BLL.csproj", "{8FA1F790-D396-470A-BAB0-274BABA3215F}"
EndProject
Project("{9A19103F-16F7-4668-BE54-9A1E7A4F7556}") = "Identity.DAL", "src\Services\Identity\Identity.DAL\Identity.DAL.csproj", "{F3341BF0-7945-4A82-B463-8F7C5FDFC425}"
EndProject
Project("{2150E333-8FDC-42A3-9474-1A3956D46DE8}") = "Game", "Game", "{20EAAC6D-39AC-4C7F-90E2-7BFD320F681A}"
EndProject
Project("{9A19103F-16F7-4668-BE54-9A1E7A4F7556}") = "Game.API", "src\Services\Game\Game.API\Game.API.csproj", "{D1B45E4A-A7D0-4A3B-86C9-A02F9656566B}"
EndProject
Project("{9A19103F-16F7-4668-BE54-9A1E7A4F7556}") = "Game.BLL", "src\Services\Game\Game.BLL\Game.BLL.csproj", "{FE7596F6-AF38-42EF-BB27-EDADCA2934DD}"
EndProject
Project("{9A19103F-16F7-4668-BE54-9A1E7A4F7556}") = "Game.DAL", "src\Services\Game\Game.DAL\Game.DAL.csproj", "{ED6B9F80-E795-416B-BA31-46C14E430285}"
EndProject
Project("{2150E333-8FDC-42A3-9474-1A3956D46DE8}") = "Contracts", "Contracts", "{DF66C806-C0AD-4DB1-AFAC-7B25673401C8}"
EndProject
Project("{9A19103F-16F7-4668-BE54-9A1E7A4F7556}") = "SeaBattle.Contracts", "src\Contracts\SeaBattle.Contracts\SeaBattle.Contracts.csproj", "{586D1ADC-D82F-4B53-BF9C-13FFA2AFB8C3}"
EndProject
Project("{2150E333-8FDC-42A3-9474-1A3956D46DE8}") = "GameHistory", "GameHistory", "{540DD687-53E7-4D8C-B17A-C0C5DE10B884}"
EndProject
Project("{9A19103F-16F7-4668-BE54-9A1E7A4F7556}") = "GameHistory.API", "src\Services\GameHistory\GameHistory.API\GameHistory.API.csproj", "{B68A2E4C-144B-4A55-9EDA-96630D5DFE97}"
EndProject
Project("{9A19103F-16F7-4668-BE54-9A1E7A4F7556}") = "GameHistory.BLL", "src\Services\GameHistory\GameHistory.BLL\GameHistory.BLL.csproj", "{F1DF77D5-FF4F-47EA-898C-78AF3CDE7CE0}"
EndProject
Project("{9A19103F-16F7-4668-BE54-9A1E7A4F7556}") = "GameHistory.DAL", "src\Services\GameHistory\GameHistory.DAL\GameHistory.DAL.csproj", "{9643624E-ABAA-452B-B229-204B7190E2F6}"
EndProject
Project("{E53339B2-1760-4266-BCC7-CA923CBCF16C}") = "docker-compose", "docker-compose.dcproj", "{EB9293B3-D09B-4D15-87EA-20ECF4C89A8A}"
EndProject
Global
	GlobalSection(SolutionConfigurationPlatforms) = preSolution
		Debug|Any CPU = Debug|Any CPU
		Release|Any CPU = Release|Any CPU
	EndGlobalSection
	GlobalSection(ProjectConfigurationPlatforms) = postSolution
		{1D82927A-4E05-4BC1-828D-4A7C08D553A8}.Debug|Any CPU.ActiveCfg = Debug|Any CPU
		{1D82927A-4E05-4BC1-828D-4A7C08D553A8}.Debug|Any CPU.Build.0 = Debug|Any CPU
		{1D82927A-4E05-4BC1-828D-4A7C08D553A8}.Release|Any CPU.ActiveCfg = Release|Any CPU
		{1D82927A-4E05-4BC1-828D-4A7C08D553A8}.Release|Any CPU.Build.0 = Release|Any CPU
		{CA9588B4-602F-4D2D-8939-0B3978B549D5}.Debug|Any CPU.ActiveCfg = Debug|Any CPU
		{CA9588B4-602F-4D2D-8939-0B3978B549D5}.Debug|Any CPU.Build.0 = Debug|Any CPU
		{CA9588B4-602F-4D2D-8939-0B3978B549D5}.Release|Any CPU.ActiveCfg = Release|Any CPU
		{CA9588B4-602F-4D2D-8939-0B3978B549D5}.Release|Any CPU.Build.0 = Release|Any CPU
		{8FA1F790-D396-470A-BAB0-274BABA3215F}.Debug|Any CPU.ActiveCfg = Debug|Any CPU
		{8FA1F790-D396-470A-BAB0-274BABA3215F}.Debug|Any CPU.Build.0 = Debug|Any CPU
		{8FA1F790-D396-470A-BAB0-274BABA3215F}.Release|Any CPU.ActiveCfg = Release|Any CPU
		{8FA1F790-D396-470A-BAB0-274BABA3215F}.Release|Any CPU.Build.0 = Release|Any CPU
		{F3341BF0-7945-4A82-B463-8F7C5FDFC425}.Debug|Any CPU.ActiveCfg = Debug|Any CPU
		{F3341BF0-7945-4A82-B463-8F7C5FDFC425}.Debug|Any CPU.Build.0 = Debug|Any CPU
		{F3341BF0-7945-4A82-B463-8F7C5FDFC425}.Release|Any CPU.ActiveCfg = Release|Any CPU
		{F3341BF0-7945-4A82-B463-8F7C5FDFC425}.Release|Any CPU.Build.0 = Release|Any CPU
		{D1B45E4A-A7D0-4A3B-86C9-A02F9656566B}.Debug|Any CPU.ActiveCfg = Debug|Any CPU
		{D1B45E4A-A7D0-4A3B-86C9-A02F9656566B}.Debug|Any CPU.Build.0 = Debug|Any CPU
		{D1B45E4A-A7D0-4A3B-86C9-A02F9656566B}.Release|Any CPU.ActiveCfg = Release|Any CPU
		{D1B45E4A-A7D0-4A3B-86C9-A02F9656566B}.Release|Any CPU.Build.0 = Release|Any CPU
		{FE7596F6-AF38-42EF-BB27-EDADCA2934DD}.Debug|Any CPU.ActiveCfg = Debug|Any CPU
		{FE7596F6-AF38-42EF-BB27-EDADCA2934DD}.Debug|Any CPU.Build.0 = Debug|Any CPU
		{FE7596F6-AF38-42EF-BB27-EDADCA2934DD}.Release|Any CPU.ActiveCfg = Release|Any CPU
		{FE7596F6-AF38-42EF-BB27-EDADCA2934DD}.Release|Any CPU.Build.0 = Release|Any CPU
		{ED6B9F80-E795-416B-BA31-46C14E430285}.Debug|Any CPU.ActiveCfg = Debug|Any CPU
		{ED6B9F80-E795-416B-BA31-46C14E430285}.Debug|Any CPU.Build.0 = Debug|Any CPU
		{ED6B9F80-E795-416B-BA31-46C14E430285}.Release|Any CPU.ActiveCfg = Release|Any CPU
		{ED6B9F80-E795-416B-BA31-46C14E430285}.Release|Any CPU.Build.0 = Release|Any CPU
		{586D1ADC-D82F-4B53-BF9C-13FFA2AFB8C3}.Debug|Any CPU.ActiveCfg = Debug|Any CPU
		{586D1ADC-D82F-4B53-BF9C-13FFA2AFB8C3}.Debug|Any CPU.Build.0 = Debug|Any CPU
		{586D1ADC-D82F-4B53-BF9C-13FFA2AFB8C3}.Release|Any CPU.ActiveCfg = Release|Any CPU
		{586D1ADC-D82F-4B53-BF9C-13FFA2AFB8C3}.Release|Any CPU.Build.0 = Release|Any CPU
		{B68A2E4C-144B-4A55-9EDA-96630D5DFE97}.Debug|Any CPU.ActiveCfg = Debug|Any CPU
		{B68A2E4C-144B-4A55-9EDA-96630D5DFE97}.Debug|Any CPU.Build.0 = Debug|Any CPU
		{B68A2E4C-144B-4A55-9EDA-96630D5DFE97}.Release|Any CPU.ActiveCfg = Release|Any CPU
		{B68A2E4C-144B-4A55-9EDA-96630D5DFE97}.Release|Any CPU.Build.0 = Release|Any CPU
		{F1DF77D5-FF4F-47EA-898C-78AF3CDE7CE0}.Debug|Any CPU.ActiveCfg = Debug|Any CPU
		{F1DF77D5-FF4F-47EA-898C-78AF3CDE7CE0}.Debug|Any CPU.Build.0 = Debug|Any CPU
		{F1DF77D5-FF4F-47EA-898C-78AF3CDE7CE0}.Release|Any CPU.ActiveCfg = Release|Any CPU
		{F1DF77D5-FF4F-47EA-898C-78AF3CDE7CE0}.Release|Any CPU.Build.0 = Release|Any CPU
		{9643624E-ABAA-452B-B229-204B7190E2F6}.Debug|Any CPU.ActiveCfg = Debug|Any CPU
		{9643624E-ABAA-452B-B229-204B7190E2F6}.Debug|Any CPU.Build.0 = Debug|Any CPU
		{9643624E-ABAA-452B-B229-204B7190E2F6}.Release|Any CPU.ActiveCfg = Release|Any CPU
		{9643624E-ABAA-452B-B229-204B7190E2F6}.Release|Any CPU.Build.0 = Release|Any CPU
		{EB9293B3-D09B-4D15-87EA-20ECF4C89A8A}.Debug|Any CPU.ActiveCfg = Debug|Any CPU
		{EB9293B3-D09B-4D15-87EA-20ECF4C89A8A}.Debug|Any CPU.Build.0 = Debug|Any CPU
		{EB9293B3-D09B-4D15-87EA-20ECF4C89A8A}.Release|Any CPU.ActiveCfg = Release|Any CPU
		{EB9293B3-D09B-4D15-87EA-20ECF4C89A8A}.Release|Any CPU.Build.0 = Release|Any CPU
	EndGlobalSection
	GlobalSection(SolutionProperties) = preSolution
		HideSolutionNode = FALSE
	EndGlobalSection
	GlobalSection(NestedProjects) = preSolution
		{2351389C-FE45-416C-BB27-956372E9C742} = {F7F57C4F-5882-40A4-B522-7912F22D199A}
		{1C051F85-6360-4703-9CD2-87CC8EA086A3} = {2351389C-FE45-416C-BB27-956372E9C742}
		{CA9588B4-602F-4D2D-8939-0B3978B549D5} = {1C051F85-6360-4703-9CD2-87CC8EA086A3}
		{8FA1F790-D396-470A-BAB0-274BABA3215F} = {1C051F85-6360-4703-9CD2-87CC8EA086A3}
		{F3341BF0-7945-4A82-B463-8F7C5FDFC425} = {1C051F85-6360-4703-9CD2-87CC8EA086A3}
		{20EAAC6D-39AC-4C7F-90E2-7BFD320F681A} = {2351389C-FE45-416C-BB27-956372E9C742}
		{D1B45E4A-A7D0-4A3B-86C9-A02F9656566B} = {20EAAC6D-39AC-4C7F-90E2-7BFD320F681A}
		{FE7596F6-AF38-42EF-BB27-EDADCA2934DD} = {20EAAC6D-39AC-4C7F-90E2-7BFD320F681A}
		{ED6B9F80-E795-416B-BA31-46C14E430285} = {20EAAC6D-39AC-4C7F-90E2-7BFD320F681A}
		{DF66C806-C0AD-4DB1-AFAC-7B25673401C8} = {F7F57C4F-5882-40A4-B522-7912F22D199A}
		{586D1ADC-D82F-4B53-BF9C-13FFA2AFB8C3} = {DF66C806-C0AD-4DB1-AFAC-7B25673401C8}
		{540DD687-53E7-4D8C-B17A-C0C5DE10B884} = {2351389C-FE45-416C-BB27-956372E9C742}
		{B68A2E4C-144B-4A55-9EDA-96630D5DFE97} = {540DD687-53E7-4D8C-B17A-C0C5DE10B884}
		{F1DF77D5-FF4F-47EA-898C-78AF3CDE7CE0} = {540DD687-53E7-4D8C-B17A-C0C5DE10B884}
		{9643624E-ABAA-452B-B229-204B7190E2F6} = {540DD687-53E7-4D8C-B17A-C0C5DE10B884}
	EndGlobalSection
	GlobalSection(ExtensibilityGlobals) = postSolution
		SolutionGuid = {553A911E-0090-4977-9284-74BE3B2F7AB4}
	EndGlobalSection
EndGlobal
